
Microsoft Visual Studio Solution File, Format Version 12.00
# Visual Studio Version 16
VisualStudioVersion = 16.0.29123.88
MinimumVisualStudioVersion = 10.0.40219.1
Project("{FAE04EC0-301F-11D3-BF4B-00C04F79EFBC}") = "Day At The Races", "Day At The Races\Day At The Races.csproj", "{9E739FE0-33D5-44F5-B711-CFDB3A2BBF7B}"
EndProject
Project("{FAE04EC0-301F-11D3-BF4B-00C04F79EFBC}") = "UnitTestProject", "UnitTestProject\UnitTestProject.csproj", "{C539DB20-A7DB-435A-8E4E-5D1D1F2F42C3}"
EndProject
Global
	GlobalSection(SolutionConfigurationPlatforms) = preSolution
		Debug|Any CPU = Debug|Any CPU
		Release|Any CPU = Release|Any CPU
	EndGlobalSection
	GlobalSection(ProjectConfigurationPlatforms) = postSolution
		{9E739FE0-33D5-44F5-B711-CFDB3A2BBF7B}.Debug|Any CPU.ActiveCfg = Debug|Any CPU
		{9E739FE0-33D5-44F5-B711-CFDB3A2BBF7B}.Debug|Any CPU.Build.0 = Debug|Any CPU
		{9E739FE0-33D5-44F5-B711-CFDB3A2BBF7B}.Release|Any CPU.ActiveCfg = Release|Any CPU
		{9E739FE0-33D5-44F5-B711-CFDB3A2BBF7B}.Release|Any CPU.Build.0 = Release|Any CPU
		{C539DB20-A7DB-435A-8E4E-5D1D1F2F42C3}.Debug|Any CPU.ActiveCfg = Debug|Any CPU
		{C539DB20-A7DB-435A-8E4E-5D1D1F2F42C3}.Debug|Any CPU.Build.0 = Debug|Any CPU
		{C539DB20-A7DB-435A-8E4E-5D1D1F2F42C3}.Release|Any CPU.ActiveCfg = Release|Any CPU
		{C539DB20-A7DB-435A-8E4E-5D1D1F2F42C3}.Release|Any CPU.Build.0 = Release|Any CPU
	EndGlobalSection
	GlobalSection(SolutionProperties) = preSolution
		HideSolutionNode = FALSE
	EndGlobalSection
	GlobalSection(ExtensibilityGlobals) = postSolution
		SolutionGuid = {49647EBD-3E56-4A96-87D9-CF53B4F291FF}
	EndGlobalSection
EndGlobal
